
Microsoft Visual Studio Solution File, Format Version 12.00
# Visual Studio 15
VisualStudioVersion = 15.0.28307.421
MinimumVisualStudioVersion = 10.0.40219.1
Project("{9A19103F-16F7-4668-BE54-9A1E7A4F7556}") = "UBIF.Web", "UBIF.Web\UBIF.Web.csproj", "{63504CED-B265-482E-A5BE-91236CB119BB}"
EndProject
Project("{2150E333-8FDC-42A3-9474-1A3956D46DE8}") = "01 Common 基础结构层", "01 Common 基础结构层", "{ACF2F045-8987-4F13-9D5C-A2283D016E65}"
EndProject
Project("{2150E333-8FDC-42A3-9474-1A3956D46DE8}") = "03 Domain 应用服务", "03 Domain 应用服务", "{0146D69A-C6FB-4ECB-864A-4F63DC26032C}"
EndProject
Project("{2150E333-8FDC-42A3-9474-1A3956D46DE8}") = "04 Web 应用程序", "04 Web 应用程序", "{7BEC6FBF-A201-4B08-AF99-799F8ECEBF9B}"
EndProject
Project("{9A19103F-16F7-4668-BE54-9A1E7A4F7556}") = "UBIF.Web.Code", "UBIF.Web.Code\UBIF.Web.Code.csproj", "{5036EF66-AAEC-48E9-B3DB-ED1793D53341}"
EndProject
Project("{2150E333-8FDC-42A3-9474-1A3956D46DE8}") = "02 Extend 依赖注入类库", "02 Extend 依赖注入类库", "{25DBE11C-0DDE-4333-9528-70E943FFA065}"
EndProject
Project("{9A19103F-16F7-4668-BE54-9A1E7A4F7556}") = "UBIF.Web.Extend", "UBIF.Web.Extend\UBIF.Web.Extend.csproj", "{A69C0015-340F-4E5A-8B1A-BADE38E49282}"
EndProject
Global
	GlobalSection(SolutionConfigurationPlatforms) = preSolution
		Debug|Any CPU = Debug|Any CPU
		Release|Any CPU = Release|Any CPU
	EndGlobalSection
	GlobalSection(ProjectConfigurationPlatforms) = postSolution
		{63504CED-B265-482E-A5BE-91236CB119BB}.Debug|Any CPU.ActiveCfg = Debug|Any CPU
		{63504CED-B265-482E-A5BE-91236CB119BB}.Debug|Any CPU.Build.0 = Debug|Any CPU
		{63504CED-B265-482E-A5BE-91236CB119BB}.Release|Any CPU.ActiveCfg = Release|Any CPU
		{63504CED-B265-482E-A5BE-91236CB119BB}.Release|Any CPU.Build.0 = Release|Any CPU
		{5036EF66-AAEC-48E9-B3DB-ED1793D53341}.Debug|Any CPU.ActiveCfg = Debug|Any CPU
		{5036EF66-AAEC-48E9-B3DB-ED1793D53341}.Debug|Any CPU.Build.0 = Debug|Any CPU
		{5036EF66-AAEC-48E9-B3DB-ED1793D53341}.Release|Any CPU.ActiveCfg = Release|Any CPU
		{5036EF66-AAEC-48E9-B3DB-ED1793D53341}.Release|Any CPU.Build.0 = Release|Any CPU
		{A69C0015-340F-4E5A-8B1A-BADE38E49282}.Debug|Any CPU.ActiveCfg = Debug|Any CPU
		{A69C0015-340F-4E5A-8B1A-BADE38E49282}.Debug|Any CPU.Build.0 = Debug|Any CPU
		{A69C0015-340F-4E5A-8B1A-BADE38E49282}.Release|Any CPU.ActiveCfg = Release|Any CPU
		{A69C0015-340F-4E5A-8B1A-BADE38E49282}.Release|Any CPU.Build.0 = Release|Any CPU
	EndGlobalSection
	GlobalSection(SolutionProperties) = preSolution
		HideSolutionNode = FALSE
	EndGlobalSection
	GlobalSection(NestedProjects) = preSolution
		{63504CED-B265-482E-A5BE-91236CB119BB} = {7BEC6FBF-A201-4B08-AF99-799F8ECEBF9B}
		{5036EF66-AAEC-48E9-B3DB-ED1793D53341} = {ACF2F045-8987-4F13-9D5C-A2283D016E65}
		{A69C0015-340F-4E5A-8B1A-BADE38E49282} = {25DBE11C-0DDE-4333-9528-70E943FFA065}
	EndGlobalSection
	GlobalSection(ExtensibilityGlobals) = postSolution
		SolutionGuid = {A267AC0B-F0B7-4A72-ADCC-F76513BAAB59}
	EndGlobalSection
EndGlobal
